
Microsoft Visual Studio Solution File, Format Version 12.00
# Visual Studio Version 16
VisualStudioVersion = 16.0.29102.190
MinimumVisualStudioVersion = 10.0.40219.1
Project("{FAE04EC0-301F-11D3-BF4B-00C04F79EFBC}") = "Innotym.api", "Innotym.api\Innotym.api.csproj", "{74B9559F-1F14-40DC-B7EF-1DBCB71980AB}"
EndProject
Global
	GlobalSection(SolutionConfigurationPlatforms) = preSolution
		Debug|Any CPU = Debug|Any CPU
		Release|Any CPU = Release|Any CPU
	EndGlobalSection
	GlobalSection(ProjectConfigurationPlatforms) = postSolution
		{74B9559F-1F14-40DC-B7EF-1DBCB71980AB}.Debug|Any CPU.ActiveCfg = Debug|Any CPU
		{74B9559F-1F14-40DC-B7EF-1DBCB71980AB}.Debug|Any CPU.Build.0 = Debug|Any CPU
		{74B9559F-1F14-40DC-B7EF-1DBCB71980AB}.Release|Any CPU.ActiveCfg = Release|Any CPU
		{74B9559F-1F14-40DC-B7EF-1DBCB71980AB}.Release|Any CPU.Build.0 = Release|Any CPU
	EndGlobalSection
	GlobalSection(SolutionProperties) = preSolution
		HideSolutionNode = FALSE
	EndGlobalSection
	GlobalSection(ExtensibilityGlobals) = postSolution
		SolutionGuid = {E3CF286E-59E6-491A-81BC-56D5B9C1A374}
	EndGlobalSection
EndGlobal
